
Microsoft Visual Studio Solution File, Format Version 12.00
# Visual Studio Version 16
VisualStudioVersion = 16.0.30711.63
MinimumVisualStudioVersion = 10.0.40219.1
Project("{FAE04EC0-301F-11D3-BF4B-00C04F79EFBC}") = "TaikoVDLCBuilder", "TaikoVDLCBuilder\TaikoVDLCBuilder.csproj", "{97FBA70D-826D-48D7-B5A1-9EE1A8E23745}"
EndProject
Global
	GlobalSection(SolutionConfigurationPlatforms) = preSolution
		Debug|Any CPU = Debug|Any CPU
		Release|Any CPU = Release|Any CPU
	EndGlobalSection
	GlobalSection(ProjectConfigurationPlatforms) = postSolution
		{97FBA70D-826D-48D7-B5A1-9EE1A8E23745}.Debug|Any CPU.ActiveCfg = Debug|Any CPU
		{97FBA70D-826D-48D7-B5A1-9EE1A8E23745}.Debug|Any CPU.Build.0 = Debug|Any CPU
		{97FBA70D-826D-48D7-B5A1-9EE1A8E23745}.Release|Any CPU.ActiveCfg = Release|Any CPU
		{97FBA70D-826D-48D7-B5A1-9EE1A8E23745}.Release|Any CPU.Build.0 = Release|Any CPU
	EndGlobalSection
	GlobalSection(SolutionProperties) = preSolution
		HideSolutionNode = FALSE
	EndGlobalSection
	GlobalSection(ExtensibilityGlobals) = postSolution
		SolutionGuid = {1748245A-D12B-4B35-88BE-376D77FB647B}
	EndGlobalSection
EndGlobal
